
Microsoft Visual Studio Solution File, Format Version 12.00
Project("{FAE04EC0-301F-11D3-BF4B-00C04F79EFBC}") = "TelegramOpenAIDemo", "TelegramOpenAIDemo\TelegramOpenAIDemo.csproj", "{036E7CEF-ED35-43D0-9A26-E508C011BF31}"
EndProject
Global
	GlobalSection(SolutionConfigurationPlatforms) = preSolution
		Debug|Any CPU = Debug|Any CPU
		Release|Any CPU = Release|Any CPU
	EndGlobalSection
	GlobalSection(ProjectConfigurationPlatforms) = postSolution
		{036E7CEF-ED35-43D0-9A26-E508C011BF31}.Debug|Any CPU.ActiveCfg = Debug|Any CPU
		{036E7CEF-ED35-43D0-9A26-E508C011BF31}.Debug|Any CPU.Build.0 = Debug|Any CPU
		{036E7CEF-ED35-43D0-9A26-E508C011BF31}.Release|Any CPU.ActiveCfg = Release|Any CPU
		{036E7CEF-ED35-43D0-9A26-E508C011BF31}.Release|Any CPU.Build.0 = Release|Any CPU
	EndGlobalSection
EndGlobal
